
Microsoft Visual Studio Solution File, Format Version 12.00
# Visual Studio Version 17
VisualStudioVersion = 17.3.32819.101
MinimumVisualStudioVersion = 10.0.40219.1
Project("{FAE04EC0-301F-11D3-BF4B-00C04F79EFBC}") = "FL2022-Assignment1-nmalmquist", "FL2022-Assignment1-nmalmquist.csproj", "{D318582E-5DDA-401B-BCAF-1AF79BD9C8CB}"
EndProject
Global
	GlobalSection(SolutionConfigurationPlatforms) = preSolution
		Debug|Any CPU = Debug|Any CPU
		Release|Any CPU = Release|Any CPU
	EndGlobalSection
	GlobalSection(ProjectConfigurationPlatforms) = postSolution
		{D318582E-5DDA-401B-BCAF-1AF79BD9C8CB}.Debug|Any CPU.ActiveCfg = Debug|Any CPU
		{D318582E-5DDA-401B-BCAF-1AF79BD9C8CB}.Debug|Any CPU.Build.0 = Debug|Any CPU
		{D318582E-5DDA-401B-BCAF-1AF79BD9C8CB}.Release|Any CPU.ActiveCfg = Release|Any CPU
		{D318582E-5DDA-401B-BCAF-1AF79BD9C8CB}.Release|Any CPU.Build.0 = Release|Any CPU
	EndGlobalSection
	GlobalSection(SolutionProperties) = preSolution
		HideSolutionNode = FALSE
	EndGlobalSection
	GlobalSection(ExtensibilityGlobals) = postSolution
		SolutionGuid = {7391B4DF-F876-4679-ADD7-60F665C88763}
	EndGlobalSection
EndGlobal
